
Microsoft Visual Studio Solution File, Format Version 12.00
# Visual Studio Version 16
VisualStudioVersion = 16.0.31129.286
MinimumVisualStudioVersion = 10.0.40219.1
Project("{9A19103F-16F7-4668-BE54-9A1E7A4F7556}") = "QualidadeDeSoftware", "QualidadeDeSoftware\QualidadeDeSoftware.csproj", "{69FEAD2E-C14D-4944-B244-E40A9EE1321F}"
EndProject
Project("{FAE04EC0-301F-11D3-BF4B-00C04F79EFBC}") = "TestQualidadeDeSoftware", "TestQualidadeDeSoftware\TestQualidadeDeSoftware.csproj", "{C88AD30F-E419-43E3-8E72-AB2A2DB4CB14}"
EndProject
Global
	GlobalSection(SolutionConfigurationPlatforms) = preSolution
		Debug|Any CPU = Debug|Any CPU
		Release|Any CPU = Release|Any CPU
	EndGlobalSection
	GlobalSection(ProjectConfigurationPlatforms) = postSolution
		{69FEAD2E-C14D-4944-B244-E40A9EE1321F}.Debug|Any CPU.ActiveCfg = Debug|Any CPU
		{69FEAD2E-C14D-4944-B244-E40A9EE1321F}.Debug|Any CPU.Build.0 = Debug|Any CPU
		{69FEAD2E-C14D-4944-B244-E40A9EE1321F}.Release|Any CPU.ActiveCfg = Release|Any CPU
		{69FEAD2E-C14D-4944-B244-E40A9EE1321F}.Release|Any CPU.Build.0 = Release|Any CPU
		{C88AD30F-E419-43E3-8E72-AB2A2DB4CB14}.Debug|Any CPU.ActiveCfg = Debug|Any CPU
		{C88AD30F-E419-43E3-8E72-AB2A2DB4CB14}.Debug|Any CPU.Build.0 = Debug|Any CPU
		{C88AD30F-E419-43E3-8E72-AB2A2DB4CB14}.Release|Any CPU.ActiveCfg = Release|Any CPU
		{C88AD30F-E419-43E3-8E72-AB2A2DB4CB14}.Release|Any CPU.Build.0 = Release|Any CPU
	EndGlobalSection
	GlobalSection(SolutionProperties) = preSolution
		HideSolutionNode = FALSE
	EndGlobalSection
	GlobalSection(ExtensibilityGlobals) = postSolution
		SolutionGuid = {8F381559-9CB0-4771-BF9D-7F325699A04C}
	EndGlobalSection
EndGlobal
