
Microsoft Visual Studio Solution File, Format Version 12.00
# Visual Studio Version 16
VisualStudioVersion = 16.0.31129.286
MinimumVisualStudioVersion = 10.0.40219.1
Project("{FAE04EC0-301F-11D3-BF4B-00C04F79EFBC}") = "QualidadeDeSoftware", "QualidadeDeSoftware\QualidadeDeSoftware.csproj", "{69FEAD2E-C14D-4944-B244-E40A9EE1321F}"
EndProject
Project("{FAE04EC0-301F-11D3-BF4B-00C04F79EFBC}") = "TestQualidadeDeSoftware", "TestQualidadeDeSoftware\TestQualidadeDeSoftware.csproj", "{B3A5EC14-660B-48F2-8B12-AB235258B2C8}"
EndProject
Global
	GlobalSection(SolutionConfigurationPlatforms) = preSolution
		Debug|Any CPU = Debug|Any CPU
		Release|Any CPU = Release|Any CPU
	EndGlobalSection
	GlobalSection(ProjectConfigurationPlatforms) = postSolution
		{69FEAD2E-C14D-4944-B244-E40A9EE1321F}.Debug|Any CPU.ActiveCfg = Debug|Any CPU
		{69FEAD2E-C14D-4944-B244-E40A9EE1321F}.Debug|Any CPU.Build.0 = Debug|Any CPU
		{69FEAD2E-C14D-4944-B244-E40A9EE1321F}.Release|Any CPU.ActiveCfg = Release|Any CPU
		{69FEAD2E-C14D-4944-B244-E40A9EE1321F}.Release|Any CPU.Build.0 = Release|Any CPU
		{B3A5EC14-660B-48F2-8B12-AB235258B2C8}.Debug|Any CPU.ActiveCfg = Debug|Any CPU
		{B3A5EC14-660B-48F2-8B12-AB235258B2C8}.Debug|Any CPU.Build.0 = Debug|Any CPU
		{B3A5EC14-660B-48F2-8B12-AB235258B2C8}.Release|Any CPU.ActiveCfg = Release|Any CPU
		{B3A5EC14-660B-48F2-8B12-AB235258B2C8}.Release|Any CPU.Build.0 = Release|Any CPU
	EndGlobalSection
	GlobalSection(SolutionProperties) = preSolution
		HideSolutionNode = FALSE
	EndGlobalSection
	GlobalSection(ExtensibilityGlobals) = postSolution
		SolutionGuid = {8F381559-9CB0-4771-BF9D-7F325699A04C}
	EndGlobalSection
EndGlobal
